// !$*UTF8*$!
{
	archiveVersion = 1;
	classes = {
	};
	objectVersion = 46;
	objects = {

/* Begin PBXBuildFile section */
		B9A0587A1D23DCC800F77497 /* Transition.swift in Sources */ = {isa = PBXBuildFile; fileRef = B9A058791D23DCC800F77497 /* Transition.swift */; };
		B9A0587C1D23DD4500F77497 /* Route.swift in Sources */ = {isa = PBXBuildFile; fileRef = B9A0587B1D23DD4500F77497 /* Route.swift */; };
		B9A058821D23E4A800F77497 /* ArgumentsProcessor.swift in Sources */ = {isa = PBXBuildFile; fileRef = B9A058811D23E4A800F77497 /* ArgumentsProcessor.swift */; };
		B9A058861D23E6FA00F77497 /* ArgumentsParser.swift in Sources */ = {isa = PBXBuildFile; fileRef = B9A058851D23E6FA00F77497 /* ArgumentsParser.swift */; };
		B9A0588B1D252E1100F77497 /* StringExtensions.swift in Sources */ = {isa = PBXBuildFile; fileRef = B9A0588A1D252E1100F77497 /* StringExtensions.swift */; };
		F0BF1C7D1D21CEBF00F5B42B /* AppDelegate.swift in Sources */ = {isa = PBXBuildFile; fileRef = F0BF1C7C1D21CEBF00F5B42B /* AppDelegate.swift */; };
		F0BF1C7F1D21CEBF00F5B42B /* ViewController.swift in Sources */ = {isa = PBXBuildFile; fileRef = F0BF1C7E1D21CEBF00F5B42B /* ViewController.swift */; };
		F0BF1C821D21CEBF00F5B42B /* Main.storyboard in Resources */ = {isa = PBXBuildFile; fileRef = F0BF1C801D21CEBF00F5B42B /* Main.storyboard */; };
		F0BF1C841D21CEBF00F5B42B /* Assets.xcassets in Resources */ = {isa = PBXBuildFile; fileRef = F0BF1C831D21CEBF00F5B42B /* Assets.xcassets */; };
		F0BF1C871D21CEBF00F5B42B /* LaunchScreen.storyboard in Resources */ = {isa = PBXBuildFile; fileRef = F0BF1C851D21CEBF00F5B42B /* LaunchScreen.storyboard */; };
		F0BF1CA61D21D07C00F5B42B /* Context.swift in Sources */ = {isa = PBXBuildFile; fileRef = F0BF1C9F1D21D07C00F5B42B /* Context.swift */; };
		F0BF1CA71D21D07C00F5B42B /* Screen.swift in Sources */ = {isa = PBXBuildFile; fileRef = F0BF1CA01D21D07C00F5B42B /* Screen.swift */; };
		F0BF1CA81D21D07C00F5B42B /* ScreenConstructor.swift in Sources */ = {isa = PBXBuildFile; fileRef = F0BF1CA11D21D07C00F5B42B /* ScreenConstructor.swift */; };
		F0BF1CAA1D21D07C00F5B42B /* UINavigationControllerExtensions.swift in Sources */ = {isa = PBXBuildFile; fileRef = F0BF1CA31D21D07C00F5B42B /* UINavigationControllerExtensions.swift */; };
		F0BF1CAB1D21D07C00F5B42B /* UIViewControllerExtensions.swift in Sources */ = {isa = PBXBuildFile; fileRef = F0BF1CA41D21D07C00F5B42B /* UIViewControllerExtensions.swift */; };
		F0BF1CAC1D21D07C00F5B42B /* Waymark.swift in Sources */ = {isa = PBXBuildFile; fileRef = F0BF1CA51D21D07C00F5B42B /* Waymark.swift */; };
/* End PBXBuildFile section */

/* Begin PBXFileReference section */
		B9A058791D23DCC800F77497 /* Transition.swift */ = {isa = PBXFileReference; fileEncoding = 4; lastKnownFileType = sourcecode.swift; path = Transition.swift; sourceTree = "<group>"; };
		B9A0587B1D23DD4500F77497 /* Route.swift */ = {isa = PBXFileReference; fileEncoding = 4; lastKnownFileType = sourcecode.swift; path = Route.swift; sourceTree = "<group>"; };
		B9A058811D23E4A800F77497 /* ArgumentsProcessor.swift */ = {isa = PBXFileReference; fileEncoding = 4; lastKnownFileType = sourcecode.swift; path = ArgumentsProcessor.swift; sourceTree = "<group>"; };
		B9A058851D23E6FA00F77497 /* ArgumentsParser.swift */ = {isa = PBXFileReference; fileEncoding = 4; lastKnownFileType = sourcecode.swift; path = ArgumentsParser.swift; sourceTree = "<group>"; };
		B9A0588A1D252E1100F77497 /* StringExtensions.swift */ = {isa = PBXFileReference; fileEncoding = 4; lastKnownFileType = sourcecode.swift; path = StringExtensions.swift; sourceTree = "<group>"; };
		F0BF1C791D21CEBF00F5B42B /* Example.app */ = {isa = PBXFileReference; explicitFileType = wrapper.application; includeInIndex = 0; path = Example.app; sourceTree = BUILT_PRODUCTS_DIR; };
		F0BF1C7C1D21CEBF00F5B42B /* AppDelegate.swift */ = {isa = PBXFileReference; lastKnownFileType = sourcecode.swift; path = AppDelegate.swift; sourceTree = "<group>"; };
		F0BF1C7E1D21CEBF00F5B42B /* ViewController.swift */ = {isa = PBXFileReference; lastKnownFileType = sourcecode.swift; path = ViewController.swift; sourceTree = "<group>"; };
		F0BF1C811D21CEBF00F5B42B /* Base */ = {isa = PBXFileReference; lastKnownFileType = file.storyboard; name = Base; path = Base.lproj/Main.storyboard; sourceTree = "<group>"; };
		F0BF1C831D21CEBF00F5B42B /* Assets.xcassets */ = {isa = PBXFileReference; lastKnownFileType = folder.assetcatalog; path = Assets.xcassets; sourceTree = "<group>"; };
		F0BF1C861D21CEBF00F5B42B /* Base */ = {isa = PBXFileReference; lastKnownFileType = file.storyboard; name = Base; path = Base.lproj/LaunchScreen.storyboard; sourceTree = "<group>"; };
		F0BF1C881D21CEBF00F5B42B /* Info.plist */ = {isa = PBXFileReference; lastKnownFileType = text.plist.xml; path = Info.plist; sourceTree = "<group>"; };
		F0BF1C9F1D21D07C00F5B42B /* Context.swift */ = {isa = PBXFileReference; fileEncoding = 4; lastKnownFileType = sourcecode.swift; path = Context.swift; sourceTree = "<group>"; };
		F0BF1CA01D21D07C00F5B42B /* Screen.swift */ = {isa = PBXFileReference; fileEncoding = 4; lastKnownFileType = sourcecode.swift; path = Screen.swift; sourceTree = "<group>"; };
		F0BF1CA11D21D07C00F5B42B /* ScreenConstructor.swift */ = {isa = PBXFileReference; fileEncoding = 4; lastKnownFileType = sourcecode.swift; path = ScreenConstructor.swift; sourceTree = "<group>"; };
		F0BF1CA31D21D07C00F5B42B /* UINavigationControllerExtensions.swift */ = {isa = PBXFileReference; fileEncoding = 4; lastKnownFileType = sourcecode.swift; path = UINavigationControllerExtensions.swift; sourceTree = "<group>"; };
		F0BF1CA41D21D07C00F5B42B /* UIViewControllerExtensions.swift */ = {isa = PBXFileReference; fileEncoding = 4; lastKnownFileType = sourcecode.swift; path = UIViewControllerExtensions.swift; sourceTree = "<group>"; };
		F0BF1CA51D21D07C00F5B42B /* Waymark.swift */ = {isa = PBXFileReference; fileEncoding = 4; lastKnownFileType = sourcecode.swift; path = Waymark.swift; sourceTree = "<group>"; };
/* End PBXFileReference section */

/* Begin PBXFrameworksBuildPhase section */
		F0BF1C761D21CEBF00F5B42B /* Frameworks */ = {
			isa = PBXFrameworksBuildPhase;
			buildActionMask = 2147483647;
			files = (
			);
			runOnlyForDeploymentPostprocessing = 0;
		};
/* End PBXFrameworksBuildPhase section */

/* Begin PBXGroup section */
		F0BF1C701D21CEBE00F5B42B = {
			isa = PBXGroup;
			children = (
				F0BF1C7B1D21CEBF00F5B42B /* Example */,
				F0BF1C7A1D21CEBF00F5B42B /* Products */,
			);
			sourceTree = "<group>";
		};
		F0BF1C7A1D21CEBF00F5B42B /* Products */ = {
			isa = PBXGroup;
			children = (
				F0BF1C791D21CEBF00F5B42B /* Example.app */,
			);
			name = Products;
			sourceTree = "<group>";
		};
		F0BF1C7B1D21CEBF00F5B42B /* Example */ = {
			isa = PBXGroup;
			children = (
				F0BF1C9E1D21D07C00F5B42B /* Source */,
				F0BF1C7C1D21CEBF00F5B42B /* AppDelegate.swift */,
				F0BF1C7E1D21CEBF00F5B42B /* ViewController.swift */,
				F0BF1C801D21CEBF00F5B42B /* Main.storyboard */,
				F0BF1C831D21CEBF00F5B42B /* Assets.xcassets */,
				F0BF1C851D21CEBF00F5B42B /* LaunchScreen.storyboard */,
				F0BF1C881D21CEBF00F5B42B /* Info.plist */,
			);
			path = Example;
			sourceTree = "<group>";
		};
		F0BF1C9E1D21D07C00F5B42B /* Source */ = {
			isa = PBXGroup;
			children = (
				F0BF1CA31D21D07C00F5B42B /* UINavigationControllerExtensions.swift */,
				F0BF1CA41D21D07C00F5B42B /* UIViewControllerExtensions.swift */,
				B9A0588A1D252E1100F77497 /* StringExtensions.swift */,
				F0BF1C9F1D21D07C00F5B42B /* Context.swift */,
				F0BF1CA01D21D07C00F5B42B /* Screen.swift */,
				F0BF1CA11D21D07C00F5B42B /* ScreenConstructor.swift */,
				F0BF1CA51D21D07C00F5B42B /* Waymark.swift */,
				B9A058791D23DCC800F77497 /* Transition.swift */,
				B9A0587B1D23DD4500F77497 /* Route.swift */,
				B9A058851D23E6FA00F77497 /* ArgumentsParser.swift */,
				B9A058811D23E4A800F77497 /* ArgumentsProcessor.swift */,
			);
			name = Source;
			path = ../../Source;
			sourceTree = "<group>";
		};
/* End PBXGroup section */

/* Begin PBXNativeTarget section */
		F0BF1C781D21CEBF00F5B42B /* Example */ = {
			isa = PBXNativeTarget;
			buildConfigurationList = F0BF1C8B1D21CEBF00F5B42B /* Build configuration list for PBXNativeTarget "Example" */;
			buildPhases = (
				F0BF1C751D21CEBF00F5B42B /* Sources */,
				F0BF1C761D21CEBF00F5B42B /* Frameworks */,
				F0BF1C771D21CEBF00F5B42B /* Resources */,
			);
			buildRules = (
			);
			dependencies = (
			);
			name = Example;
			productName = Example;
			productReference = F0BF1C791D21CEBF00F5B42B /* Example.app */;
			productType = "com.apple.product-type.application";
		};
/* End PBXNativeTarget section */

/* Begin PBXProject section */
		F0BF1C711D21CEBF00F5B42B /* Project object */ = {
			isa = PBXProject;
			attributes = {
				LastSwiftUpdateCheck = 0730;
				LastUpgradeCheck = 0730;
				ORGANIZATIONNAME = "Kaizen Technologies Ltd.";
				TargetAttributes = {
					F0BF1C781D21CEBF00F5B42B = {
						CreatedOnToolsVersion = 7.3;
					};
				};
			};
			buildConfigurationList = F0BF1C741D21CEBF00F5B42B /* Build configuration list for PBXProject "Example" */;
			compatibilityVersion = "Xcode 3.2";
			developmentRegion = English;
			hasScannedForEncodings = 0;
			knownRegions = (
				en,
				Base,
			);
			mainGroup = F0BF1C701D21CEBE00F5B42B;
			productRefGroup = F0BF1C7A1D21CEBF00F5B42B /* Products */;
			projectDirPath = "";
			projectRoot = "";
			targets = (
				F0BF1C781D21CEBF00F5B42B /* Example */,
			);
		};
/* End PBXProject section */

/* Begin PBXResourcesBuildPhase section */
		F0BF1C771D21CEBF00F5B42B /* Resources */ = {
			isa = PBXResourcesBuildPhase;
			buildActionMask = 2147483647;
			files = (
				F0BF1C871D21CEBF00F5B42B /* LaunchScreen.storyboard in Resources */,
				F0BF1C841D21CEBF00F5B42B /* Assets.xcassets in Resources */,
				F0BF1C821D21CEBF00F5B42B /* Main.storyboard in Resources */,
			);
			runOnlyForDeploymentPostprocessing = 0;
		};
/* End PBXResourcesBuildPhase section */

/* Begin PBXSourcesBuildPhase section */
		F0BF1C751D21CEBF00F5B42B /* Sources */ = {
			isa = PBXSourcesBuildPhase;
			buildActionMask = 2147483647;
			files = (
				B9A058821D23E4A800F77497 /* ArgumentsProcessor.swift in Sources */,
				B9A0587A1D23DCC800F77497 /* Transition.swift in Sources */,
				F0BF1CAB1D21D07C00F5B42B /* UIViewControllerExtensions.swift in Sources */,
				B9A058861D23E6FA00F77497 /* ArgumentsParser.swift in Sources */,
				F0BF1CAC1D21D07C00F5B42B /* Waymark.swift in Sources */,
				B9A0587C1D23DD4500F77497 /* Route.swift in Sources */,
				F0BF1CAA1D21D07C00F5B42B /* UINavigationControllerExtensions.swift in Sources */,
				F0BF1CA61D21D07C00F5B42B /* Context.swift in Sources */,
				F0BF1CA81D21D07C00F5B42B /* ScreenConstructor.swift in Sources */,
				F0BF1C7F1D21CEBF00F5B42B /* ViewController.swift in Sources */,
				F0BF1C7D1D21CEBF00F5B42B /* AppDelegate.swift in Sources */,
				B9A0588B1D252E1100F77497 /* StringExtensions.swift in Sources */,
				F0BF1CA71D21D07C00F5B42B /* Screen.swift in Sources */,
			);
			runOnlyForDeploymentPostprocessing = 0;
		};
/* End PBXSourcesBuildPhase section */

/* Begin PBXVariantGroup section */
		F0BF1C801D21CEBF00F5B42B /* Main.storyboard */ = {
			isa = PBXVariantGroup;
			children = (
				F0BF1C811D21CEBF00F5B42B /* Base */,
			);
			name = Main.storyboard;
			sourceTree = "<group>";
		};
		F0BF1C851D21CEBF00F5B42B /* LaunchScreen.storyboard */ = {
			isa = PBXVariantGroup;
			children = (
				F0BF1C861D21CEBF00F5B42B /* Base */,
			);
			name = LaunchScreen.storyboard;
			sourceTree = "<group>";
		};
/* End PBXVariantGroup section */

/* Begin XCBuildConfiguration section */
		F0BF1C891D21CEBF00F5B42B /* Debug */ = {
			isa = XCBuildConfiguration;
			buildSettings = {
				ALWAYS_SEARCH_USER_PATHS = NO;
				CLANG_ANALYZER_NONNULL = YES;
				CLANG_CXX_LANGUAGE_STANDARD = "gnu++0x";
				CLANG_CXX_LIBRARY = "libc++";
				CLANG_ENABLE_MODULES = YES;
				CLANG_ENABLE_OBJC_ARC = YES;
				CLANG_WARN_BOOL_CONVERSION = YES;
				CLANG_WARN_CONSTANT_CONVERSION = YES;
				CLANG_WARN_DIRECT_OBJC_ISA_USAGE = YES_ERROR;
				CLANG_WARN_EMPTY_BODY = YES;
				CLANG_WARN_ENUM_CONVERSION = YES;
				CLANG_WARN_INT_CONVERSION = YES;
				CLANG_WARN_OBJC_ROOT_CLASS = YES_ERROR;
				CLANG_WARN_UNREACHABLE_CODE = YES;
				CLANG_WARN__DUPLICATE_METHOD_MATCH = YES;
				"CODE_SIGN_IDENTITY[sdk=iphoneos*]" = "iPhone Developer";
				COPY_PHASE_STRIP = NO;
				DEBUG_INFORMATION_FORMAT = dwarf;
				ENABLE_STRICT_OBJC_MSGSEND = YES;
				ENABLE_TESTABILITY = YES;
				GCC_C_LANGUAGE_STANDARD = gnu99;
				GCC_DYNAMIC_NO_PIC = NO;
				GCC_NO_COMMON_BLOCKS = YES;
				GCC_OPTIMIZATION_LEVEL = 0;
				GCC_PREPROCESSOR_DEFINITIONS = (
					"DEBUG=1",
					"$(inherited)",
				);
				GCC_WARN_64_TO_32_BIT_CONVERSION = YES;
				GCC_WARN_ABOUT_RETURN_TYPE = YES_ERROR;
				GCC_WARN_UNDECLARED_SELECTOR = YES;
				GCC_WARN_UNINITIALIZED_AUTOS = YES_AGGRESSIVE;
				GCC_WARN_UNUSED_FUNCTION = YES;
				GCC_WARN_UNUSED_VARIABLE = YES;
				IPHONEOS_DEPLOYMENT_TARGET = 9.3;
				MTL_ENABLE_DEBUG_INFO = YES;
				ONLY_ACTIVE_ARCH = YES;
				SDKROOT = iphoneos;
				SWIFT_OPTIMIZATION_LEVEL = "-Onone";
				TARGETED_DEVICE_FAMILY = "1,2";
			};
			name = Debug;
		};
		F0BF1C8A1D21CEBF00F5B42B /* Release */ = {
			isa = XCBuildConfiguration;
			buildSettings = {
				ALWAYS_SEARCH_USER_PATHS = NO;
				CLANG_ANALYZER_NONNULL = YES;
				CLANG_CXX_LANGUAGE_STANDARD = "gnu++0x";
				CLANG_CXX_LIBRARY = "libc++";
				CLANG_ENABLE_MODULES = YES;
				CLANG_ENABLE_OBJC_ARC = YES;
				CLANG_WARN_BOOL_CONVERSION = YES;
				CLANG_WARN_CONSTANT_CONVERSION = YES;
				CLANG_WARN_DIRECT_OBJC_ISA_USAGE = YES_ERROR;
				CLANG_WARN_EMPTY_BODY = YES;
				CLANG_WARN_ENUM_CONVERSION = YES;
				CLANG_WARN_INT_CONVERSION = YES;
				CLANG_WARN_OBJC_ROOT_CLASS = YES_ERROR;
				CLANG_WARN_UNREACHABLE_CODE = YES;
				CLANG_WARN__DUPLICATE_METHOD_MATCH = YES;
				"CODE_SIGN_IDENTITY[sdk=iphoneos*]" = "iPhone Developer";
				COPY_PHASE_STRIP = NO;
				DEBUG_INFORMATION_FORMAT = "dwarf-with-dsym";
				ENABLE_NS_ASSERTIONS = NO;
				ENABLE_STRICT_OBJC_MSGSEND = YES;
				GCC_C_LANGUAGE_STANDARD = gnu99;
				GCC_NO_COMMON_BLOCKS = YES;
				GCC_WARN_64_TO_32_BIT_CONVERSION = YES;
				GCC_WARN_ABOUT_RETURN_TYPE = YES_ERROR;
				GCC_WARN_UNDECLARED_SELECTOR = YES;
				GCC_WARN_UNINITIALIZED_AUTOS = YES_AGGRESSIVE;
				GCC_WARN_UNUSED_FUNCTION = YES;
				GCC_WARN_UNUSED_VARIABLE = YES;
				IPHONEOS_DEPLOYMENT_TARGET = 9.3;
				MTL_ENABLE_DEBUG_INFO = NO;
				SDKROOT = iphoneos;
				TARGETED_DEVICE_FAMILY = "1,2";
				VALIDATE_PRODUCT = YES;
			};
			name = Release;
		};
		F0BF1C8C1D21CEBF00F5B42B /* Debug */ = {
			isa = XCBuildConfiguration;
			buildSettings = {
				ASSETCATALOG_COMPILER_APPICON_NAME = AppIcon;
				INFOPLIST_FILE = Example/Info.plist;
				LD_RUNPATH_SEARCH_PATHS = "$(inherited) @executable_path/Frameworks";
				PRODUCT_BUNDLE_IDENTIFIER = com.berrylux.Example;
				PRODUCT_NAME = "$(TARGET_NAME)";
			};
			name = Debug;
		};
		F0BF1C8D1D21CEBF00F5B42B /* Release */ = {
			isa = XCBuildConfiguration;
			buildSettings = {
				ASSETCATALOG_COMPILER_APPICON_NAME = AppIcon;
				INFOPLIST_FILE = Example/Info.plist;
				LD_RUNPATH_SEARCH_PATHS = "$(inherited) @executable_path/Frameworks";
				PRODUCT_BUNDLE_IDENTIFIER = com.berrylux.Example;
				PRODUCT_NAME = "$(TARGET_NAME)";
			};
			name = Release;
		};
/* End XCBuildConfiguration section */

/* Begin XCConfigurationList section */
		F0BF1C741D21CEBF00F5B42B /* Build configuration list for PBXProject "Example" */ = {
			isa = XCConfigurationList;
			buildConfigurations = (
				F0BF1C891D21CEBF00F5B42B /* Debug */,
				F0BF1C8A1D21CEBF00F5B42B /* Release */,
			);
			defaultConfigurationIsVisible = 0;
			defaultConfigurationName = Release;
		};
		F0BF1C8B1D21CEBF00F5B42B /* Build configuration list for PBXNativeTarget "Example" */ = {
			isa = XCConfigurationList;
			buildConfigurations = (
				F0BF1C8C1D21CEBF00F5B42B /* Debug */,
				F0BF1C8D1D21CEBF00F5B42B /* Release */,
			);
			defaultConfigurationIsVisible = 0;
			defaultConfigurationName = Release;
		};
/* End XCConfigurationList section */
	};
	rootObject = F0BF1C711D21CEBF00F5B42B /* Project object */;
}
